{
  "requires": true,
  "lockfileVersion": 1,
  "dependencies": {
    "primereact": {
      "version": "7.2.1",
      "resolved": "https://registry.npmjs.org/primereact/-/primereact-7.2.1.tgz",
      "integrity": "sha512-7GU8ZyPbP3yDd53X4hmJpz/162c8iM4dGVGZTUo5er1kHAtNJpvelXrcPaN3ELrTIF7VH4LCxpTsqHvTxn0EsQ=="
    }
  }
}
